// !$*UTF8*$!
{
	archiveVersion = 1;
	classes = {
	};
	objectVersion = 55;
	objects = {

/* Begin PBXBuildFile section */
		2C2F885628EC9FF50025DBBC /* AppDelegate.swift in Sources */ = {isa = PBXBuildFile; fileRef = 2C2F885528EC9FF50025DBBC /* AppDelegate.swift */; };
		2C2F885828EC9FF50025DBBC /* SceneDelegate.swift in Sources */ = {isa = PBXBuildFile; fileRef = 2C2F885728EC9FF50025DBBC /* SceneDelegate.swift */; };
		2C2F885A28EC9FF50025DBBC /* ViewController.swift in Sources */ = {isa = PBXBuildFile; fileRef = 2C2F885928EC9FF50025DBBC /* ViewController.swift */; };
		2C2F885D28EC9FF50025DBBC /* Main.storyboard in Resources */ = {isa = PBXBuildFile; fileRef = 2C2F885B28EC9FF50025DBBC /* Main.storyboard */; };
		2C2F885F28EC9FF60025DBBC /* Assets.xcassets in Resources */ = {isa = PBXBuildFile; fileRef = 2C2F885E28EC9FF60025DBBC /* Assets.xcassets */; };
		2C2F886228EC9FF60025DBBC /* LaunchScreen.storyboard in Resources */ = {isa = PBXBuildFile; fileRef = 2C2F886028EC9FF60025DBBC /* LaunchScreen.storyboard */; };
		2C2F886D28EC9FF60025DBBC /* Power_Lifting_AppTests.swift in Sources */ = {isa = PBXBuildFile; fileRef = 2C2F886C28EC9FF60025DBBC /* Power_Lifting_AppTests.swift */; };
		2C2F887728EC9FF60025DBBC /* Power_Lifting_AppUITests.swift in Sources */ = {isa = PBXBuildFile; fileRef = 2C2F887628EC9FF60025DBBC /* Power_Lifting_AppUITests.swift */; };
		2C2F887928EC9FF60025DBBC /* Power_Lifting_AppUITestsLaunchTests.swift in Sources */ = {isa = PBXBuildFile; fileRef = 2C2F887828EC9FF60025DBBC /* Power_Lifting_AppUITestsLaunchTests.swift */; };
		2C51705F28ECABD300F87192 /* PushViewController.swift in Sources */ = {isa = PBXBuildFile; fileRef = 2C51705E28ECABD300F87192 /* PushViewController.swift */; };
		2C51706128ECAC7400F87192 /* PullViewController.swift in Sources */ = {isa = PBXBuildFile; fileRef = 2C51706028ECAC7400F87192 /* PullViewController.swift */; };
		2C51706328ECAC8500F87192 /* LegsViewController.swift in Sources */ = {isa = PBXBuildFile; fileRef = 2C51706228ECAC8500F87192 /* LegsViewController.swift */; };
		2C51706928ECC22000F87192 /* WeightedDipsViewController.swift in Sources */ = {isa = PBXBuildFile; fileRef = 2C51706828ECC22000F87192 /* WeightedDipsViewController.swift */; };
		2C51706B28ECC23300F87192 /* BenchPressViewController.swift in Sources */ = {isa = PBXBuildFile; fileRef = 2C51706A28ECC23300F87192 /* BenchPressViewController.swift */; };
		2C51706D28ECC24700F87192 /* OverheadPressViewController.swift in Sources */ = {isa = PBXBuildFile; fileRef = 2C51706C28ECC24700F87192 /* OverheadPressViewController.swift */; };
		2C51706F28ECC32200F87192 /* WeightedPullUpsViewController.swift in Sources */ = {isa = PBXBuildFile; fileRef = 2C51706E28ECC32200F87192 /* WeightedPullUpsViewController.swift */; };
		2C51707128ECC33300F87192 /* PowerCleansViewController.swift in Sources */ = {isa = PBXBuildFile; fileRef = 2C51707028ECC33300F87192 /* PowerCleansViewController.swift */; };
		2C51707328ECC34800F87192 /* DeadliftViewController.swift in Sources */ = {isa = PBXBuildFile; fileRef = 2C51707228ECC34800F87192 /* DeadliftViewController.swift */; };
		2C51707528ECC36000F87192 /* FrontSquatViewController.swift in Sources */ = {isa = PBXBuildFile; fileRef = 2C51707428ECC36000F87192 /* FrontSquatViewController.swift */; };
		2C51707728ECC38200F87192 /* BackSquatViewController.swift in Sources */ = {isa = PBXBuildFile; fileRef = 2C51707628ECC38200F87192 /* BackSquatViewController.swift */; };
		2C51707928ECC39C00F87192 /* BarbellLungeViewController.swift in Sources */ = {isa = PBXBuildFile; fileRef = 2C51707828ECC39C00F87192 /* BarbellLungeViewController.swift */; };
/* End PBXBuildFile section */

/* Begin PBXContainerItemProxy section */
		2C2F886928EC9FF60025DBBC /* PBXContainerItemProxy */ = {
			isa = PBXContainerItemProxy;
			containerPortal = 2C2F884A28EC9FF50025DBBC /* Project object */;
			proxyType = 1;
			remoteGlobalIDString = 2C2F885128EC9FF50025DBBC;
			remoteInfo = "Power Lifting App";
		};
		2C2F887328EC9FF60025DBBC /* PBXContainerItemProxy */ = {
			isa = PBXContainerItemProxy;
			containerPortal = 2C2F884A28EC9FF50025DBBC /* Project object */;
			proxyType = 1;
			remoteGlobalIDString = 2C2F885128EC9FF50025DBBC;
			remoteInfo = "Power Lifting App";
		};
/* End PBXContainerItemProxy section */

/* Begin PBXFileReference section */
		2C2F885228EC9FF50025DBBC /* Power Lifting App.app */ = {isa = PBXFileReference; explicitFileType = wrapper.application; includeInIndex = 0; path = "Power Lifting App.app"; sourceTree = BUILT_PRODUCTS_DIR; };
		2C2F885528EC9FF50025DBBC /* AppDelegate.swift */ = {isa = PBXFileReference; lastKnownFileType = sourcecode.swift; path = AppDelegate.swift; sourceTree = "<group>"; };
		2C2F885728EC9FF50025DBBC /* SceneDelegate.swift */ = {isa = PBXFileReference; lastKnownFileType = sourcecode.swift; path = SceneDelegate.swift; sourceTree = "<group>"; };
		2C2F885928EC9FF50025DBBC /* ViewController.swift */ = {isa = PBXFileReference; lastKnownFileType = sourcecode.swift; path = ViewController.swift; sourceTree = "<group>"; };
		2C2F885C28EC9FF50025DBBC /* Base */ = {isa = PBXFileReference; lastKnownFileType = file.storyboard; name = Base; path = Base.lproj/Main.storyboard; sourceTree = "<group>"; };
		2C2F885E28EC9FF60025DBBC /* Assets.xcassets */ = {isa = PBXFileReference; lastKnownFileType = folder.assetcatalog; path = Assets.xcassets; sourceTree = "<group>"; };
		2C2F886128EC9FF60025DBBC /* Base */ = {isa = PBXFileReference; lastKnownFileType = file.storyboard; name = Base; path = Base.lproj/LaunchScreen.storyboard; sourceTree = "<group>"; };
		2C2F886328EC9FF60025DBBC /* Info.plist */ = {isa = PBXFileReference; lastKnownFileType = text.plist.xml; path = Info.plist; sourceTree = "<group>"; };
		2C2F886828EC9FF60025DBBC /* Power Lifting AppTests.xctest */ = {isa = PBXFileReference; explicitFileType = wrapper.cfbundle; includeInIndex = 0; path = "Power Lifting AppTests.xctest"; sourceTree = BUILT_PRODUCTS_DIR; };
		2C2F886C28EC9FF60025DBBC /* Power_Lifting_AppTests.swift */ = {isa = PBXFileReference; lastKnownFileType = sourcecode.swift; path = Power_Lifting_AppTests.swift; sourceTree = "<group>"; };
		2C2F887228EC9FF60025DBBC /* Power Lifting AppUITests.xctest */ = {isa = PBXFileReference; explicitFileType = wrapper.cfbundle; includeInIndex = 0; path = "Power Lifting AppUITests.xctest"; sourceTree = BUILT_PRODUCTS_DIR; };
		2C2F887628EC9FF60025DBBC /* Power_Lifting_AppUITests.swift */ = {isa = PBXFileReference; lastKnownFileType = sourcecode.swift; path = Power_Lifting_AppUITests.swift; sourceTree = "<group>"; };
		2C2F887828EC9FF60025DBBC /* Power_Lifting_AppUITestsLaunchTests.swift */ = {isa = PBXFileReference; lastKnownFileType = sourcecode.swift; path = Power_Lifting_AppUITestsLaunchTests.swift; sourceTree = "<group>"; };
		2C51705E28ECABD300F87192 /* PushViewController.swift */ = {isa = PBXFileReference; lastKnownFileType = sourcecode.swift; path = PushViewController.swift; sourceTree = "<group>"; };
		2C51706028ECAC7400F87192 /* PullViewController.swift */ = {isa = PBXFileReference; lastKnownFileType = sourcecode.swift; path = PullViewController.swift; sourceTree = "<group>"; };
		2C51706228ECAC8500F87192 /* LegsViewController.swift */ = {isa = PBXFileReference; lastKnownFileType = sourcecode.swift; path = LegsViewController.swift; sourceTree = "<group>"; };
		2C51706828ECC22000F87192 /* WeightedDipsViewController.swift */ = {isa = PBXFileReference; lastKnownFileType = sourcecode.swift; path = WeightedDipsViewController.swift; sourceTree = "<group>"; };
		2C51706A28ECC23300F87192 /* BenchPressViewController.swift */ = {isa = PBXFileReference; lastKnownFileType = sourcecode.swift; path = BenchPressViewController.swift; sourceTree = "<group>"; };
		2C51706C28ECC24700F87192 /* OverheadPressViewController.swift */ = {isa = PBXFileReference; lastKnownFileType = sourcecode.swift; path = OverheadPressViewController.swift; sourceTree = "<group>"; };
		2C51706E28ECC32200F87192 /* WeightedPullUpsViewController.swift */ = {isa = PBXFileReference; lastKnownFileType = sourcecode.swift; path = WeightedPullUpsViewController.swift; sourceTree = "<group>"; };
		2C51707028ECC33300F87192 /* PowerCleansViewController.swift */ = {isa = PBXFileReference; lastKnownFileType = sourcecode.swift; path = PowerCleansViewController.swift; sourceTree = "<group>"; };
		2C51707228ECC34800F87192 /* DeadliftViewController.swift */ = {isa = PBXFileReference; lastKnownFileType = sourcecode.swift; path = DeadliftViewController.swift; sourceTree = "<group>"; };
		2C51707428ECC36000F87192 /* FrontSquatViewController.swift */ = {isa = PBXFileReference; lastKnownFileType = sourcecode.swift; path = FrontSquatViewController.swift; sourceTree = "<group>"; };
		2C51707628ECC38200F87192 /* BackSquatViewController.swift */ = {isa = PBXFileReference; lastKnownFileType = sourcecode.swift; path = BackSquatViewController.swift; sourceTree = "<group>"; };
		2C51707828ECC39C00F87192 /* BarbellLungeViewController.swift */ = {isa = PBXFileReference; lastKnownFileType = sourcecode.swift; path = BarbellLungeViewController.swift; sourceTree = "<group>"; };
/* End PBXFileReference section */

/* Begin PBXFrameworksBuildPhase section */
		2C2F884F28EC9FF50025DBBC /* Frameworks */ = {
			isa = PBXFrameworksBuildPhase;
			buildActionMask = 2147483647;
			files = (
			);
			runOnlyForDeploymentPostprocessing = 0;
		};
		2C2F886528EC9FF60025DBBC /* Frameworks */ = {
			isa = PBXFrameworksBuildPhase;
			buildActionMask = 2147483647;
			files = (
			);
			runOnlyForDeploymentPostprocessing = 0;
		};
		2C2F886F28EC9FF60025DBBC /* Frameworks */ = {
			isa = PBXFrameworksBuildPhase;
			buildActionMask = 2147483647;
			files = (
			);
			runOnlyForDeploymentPostprocessing = 0;
		};
/* End PBXFrameworksBuildPhase section */

/* Begin PBXGroup section */
		2C2F884928EC9FF50025DBBC = {
			isa = PBXGroup;
			children = (
				2C2F885428EC9FF50025DBBC /* Power Lifting App */,
				2C2F886B28EC9FF60025DBBC /* Power Lifting AppTests */,
				2C2F887528EC9FF60025DBBC /* Power Lifting AppUITests */,
				2C2F885328EC9FF50025DBBC /* Products */,
			);
			sourceTree = "<group>";
		};
		2C2F885328EC9FF50025DBBC /* Products */ = {
			isa = PBXGroup;
			children = (
				2C2F885228EC9FF50025DBBC /* Power Lifting App.app */,
				2C2F886828EC9FF60025DBBC /* Power Lifting AppTests.xctest */,
				2C2F887228EC9FF60025DBBC /* Power Lifting AppUITests.xctest */,
			);
			name = Products;
			sourceTree = "<group>";
		};
		2C2F885428EC9FF50025DBBC /* Power Lifting App */ = {
			isa = PBXGroup;
			children = (
				2C2F885528EC9FF50025DBBC /* AppDelegate.swift */,
				2C2F885728EC9FF50025DBBC /* SceneDelegate.swift */,
				2C2F885928EC9FF50025DBBC /* ViewController.swift */,
				2C2F885B28EC9FF50025DBBC /* Main.storyboard */,
				2C51706028ECAC7400F87192 /* PullViewController.swift */,
				2C51706228ECAC8500F87192 /* LegsViewController.swift */,
				2C2F885E28EC9FF60025DBBC /* Assets.xcassets */,
				2C2F886028EC9FF60025DBBC /* LaunchScreen.storyboard */,
				2C2F886328EC9FF60025DBBC /* Info.plist */,
				2C51705E28ECABD300F87192 /* PushViewController.swift */,
				2C51706828ECC22000F87192 /* WeightedDipsViewController.swift */,
				2C51706A28ECC23300F87192 /* BenchPressViewController.swift */,
				2C51706C28ECC24700F87192 /* OverheadPressViewController.swift */,
				2C51706E28ECC32200F87192 /* WeightedPullUpsViewController.swift */,
				2C51707028ECC33300F87192 /* PowerCleansViewController.swift */,
				2C51707228ECC34800F87192 /* DeadliftViewController.swift */,
				2C51707428ECC36000F87192 /* FrontSquatViewController.swift */,
				2C51707628ECC38200F87192 /* BackSquatViewController.swift */,
				2C51707828ECC39C00F87192 /* BarbellLungeViewController.swift */,
			);
			path = "Power Lifting App";
			sourceTree = "<group>";
		};
		2C2F886B28EC9FF60025DBBC /* Power Lifting AppTests */ = {
			isa = PBXGroup;
			children = (
				2C2F886C28EC9FF60025DBBC /* Power_Lifting_AppTests.swift */,
			);
			path = "Power Lifting AppTests";
			sourceTree = "<group>";
		};
		2C2F887528EC9FF60025DBBC /* Power Lifting AppUITests */ = {
			isa = PBXGroup;
			children = (
				2C2F887628EC9FF60025DBBC /* Power_Lifting_AppUITests.swift */,
				2C2F887828EC9FF60025DBBC /* Power_Lifting_AppUITestsLaunchTests.swift */,
			);
			path = "Power Lifting AppUITests";
			sourceTree = "<group>";
		};
/* End PBXGroup section */

/* Begin PBXNativeTarget section */
		2C2F885128EC9FF50025DBBC /* Power Lifting App */ = {
			isa = PBXNativeTarget;
			buildConfigurationList = 2C2F887C28EC9FF60025DBBC /* Build configuration list for PBXNativeTarget "Power Lifting App" */;
			buildPhases = (
				2C2F884E28EC9FF50025DBBC /* Sources */,
				2C2F884F28EC9FF50025DBBC /* Frameworks */,
				2C2F885028EC9FF50025DBBC /* Resources */,
			);
			buildRules = (
			);
			dependencies = (
			);
			name = "Power Lifting App";
			productName = "Power Lifting App";
			productReference = 2C2F885228EC9FF50025DBBC /* Power Lifting App.app */;
			productType = "com.apple.product-type.application";
		};
		2C2F886728EC9FF60025DBBC /* Power Lifting AppTests */ = {
			isa = PBXNativeTarget;
			buildConfigurationList = 2C2F887F28EC9FF60025DBBC /* Build configuration list for PBXNativeTarget "Power Lifting AppTests" */;
			buildPhases = (
				2C2F886428EC9FF60025DBBC /* Sources */,
				2C2F886528EC9FF60025DBBC /* Frameworks */,
				2C2F886628EC9FF60025DBBC /* Resources */,
			);
			buildRules = (
			);
			dependencies = (
				2C2F886A28EC9FF60025DBBC /* PBXTargetDependency */,
			);
			name = "Power Lifting AppTests";
			productName = "Power Lifting AppTests";
			productReference = 2C2F886828EC9FF60025DBBC /* Power Lifting AppTests.xctest */;
			productType = "com.apple.product-type.bundle.unit-test";
		};
		2C2F887128EC9FF60025DBBC /* Power Lifting AppUITests */ = {
			isa = PBXNativeTarget;
			buildConfigurationList = 2C2F888228EC9FF60025DBBC /* Build configuration list for PBXNativeTarget "Power Lifting AppUITests" */;
			buildPhases = (
				2C2F886E28EC9FF60025DBBC /* Sources */,
				2C2F886F28EC9FF60025DBBC /* Frameworks */,
				2C2F887028EC9FF60025DBBC /* Resources */,
			);
			buildRules = (
			);
			dependencies = (
				2C2F887428EC9FF60025DBBC /* PBXTargetDependency */,
			);
			name = "Power Lifting AppUITests";
			productName = "Power Lifting AppUITests";
			productReference = 2C2F887228EC9FF60025DBBC /* Power Lifting AppUITests.xctest */;
			productType = "com.apple.product-type.bundle.ui-testing";
		};
/* End PBXNativeTarget section */

/* Begin PBXProject section */
		2C2F884A28EC9FF50025DBBC /* Project object */ = {
			isa = PBXProject;
			attributes = {
				BuildIndependentTargetsInParallel = 1;
				LastSwiftUpdateCheck = 1340;
				LastUpgradeCheck = 1340;
				TargetAttributes = {
					2C2F885128EC9FF50025DBBC = {
						CreatedOnToolsVersion = 13.4.1;
					};
					2C2F886728EC9FF60025DBBC = {
						CreatedOnToolsVersion = 13.4.1;
						TestTargetID = 2C2F885128EC9FF50025DBBC;
					};
					2C2F887128EC9FF60025DBBC = {
						CreatedOnToolsVersion = 13.4.1;
						TestTargetID = 2C2F885128EC9FF50025DBBC;
					};
				};
			};
			buildConfigurationList = 2C2F884D28EC9FF50025DBBC /* Build configuration list for PBXProject "Power Lifting App" */;
			compatibilityVersion = "Xcode 13.0";
			developmentRegion = en;
			hasScannedForEncodings = 0;
			knownRegions = (
				en,
				Base,
			);
			mainGroup = 2C2F884928EC9FF50025DBBC;
			productRefGroup = 2C2F885328EC9FF50025DBBC /* Products */;
			projectDirPath = "";
			projectRoot = "";
			targets = (
				2C2F885128EC9FF50025DBBC /* Power Lifting App */,
				2C2F886728EC9FF60025DBBC /* Power Lifting AppTests */,
				2C2F887128EC9FF60025DBBC /* Power Lifting AppUITests */,
			);
		};
/* End PBXProject section */

/* Begin PBXResourcesBuildPhase section */
		2C2F885028EC9FF50025DBBC /* Resources */ = {
			isa = PBXResourcesBuildPhase;
			buildActionMask = 2147483647;
			files = (
				2C2F886228EC9FF60025DBBC /* LaunchScreen.storyboard in Resources */,
				2C2F885F28EC9FF60025DBBC /* Assets.xcassets in Resources */,
				2C2F885D28EC9FF50025DBBC /* Main.storyboard in Resources */,
			);
			runOnlyForDeploymentPostprocessing = 0;
		};
		2C2F886628EC9FF60025DBBC /* Resources */ = {
			isa = PBXResourcesBuildPhase;
			buildActionMask = 2147483647;
			files = (
			);
			runOnlyForDeploymentPostprocessing = 0;
		};
		2C2F887028EC9FF60025DBBC /* Resources */ = {
			isa = PBXResourcesBuildPhase;
			buildActionMask = 2147483647;
			files = (
			);
			runOnlyForDeploymentPostprocessing = 0;
		};
/* End PBXResourcesBuildPhase section */

/* Begin PBXSourcesBuildPhase section */
		2C2F884E28EC9FF50025DBBC /* Sources */ = {
			isa = PBXSourcesBuildPhase;
			buildActionMask = 2147483647;
			files = (
				2C2F885A28EC9FF50025DBBC /* ViewController.swift in Sources */,
				2C2F885628EC9FF50025DBBC /* AppDelegate.swift in Sources */,
				2C51705F28ECABD300F87192 /* PushViewController.swift in Sources */,
				2C51707928ECC39C00F87192 /* BarbellLungeViewController.swift in Sources */,
				2C51706328ECAC8500F87192 /* LegsViewController.swift in Sources */,
				2C51706D28ECC24700F87192 /* OverheadPressViewController.swift in Sources */,
				2C51706128ECAC7400F87192 /* PullViewController.swift in Sources */,
				2C51706B28ECC23300F87192 /* BenchPressViewController.swift in Sources */,
				2C51707328ECC34800F87192 /* DeadliftViewController.swift in Sources */,
				2C51707728ECC38200F87192 /* BackSquatViewController.swift in Sources */,
				2C51707528ECC36000F87192 /* FrontSquatViewController.swift in Sources */,
				2C2F885828EC9FF50025DBBC /* SceneDelegate.swift in Sources */,
				2C51706928ECC22000F87192 /* WeightedDipsViewController.swift in Sources */,
				2C51706F28ECC32200F87192 /* WeightedPullUpsViewController.swift in Sources */,
				2C51707128ECC33300F87192 /* PowerCleansViewController.swift in Sources */,
			);
			runOnlyForDeploymentPostprocessing = 0;
		};
		2C2F886428EC9FF60025DBBC /* Sources */ = {
			isa = PBXSourcesBuildPhase;
			buildActionMask = 2147483647;
			files = (
				2C2F886D28EC9FF60025DBBC /* Power_Lifting_AppTests.swift in Sources */,
			);
			runOnlyForDeploymentPostprocessing = 0;
		};
		2C2F886E28EC9FF60025DBBC /* Sources */ = {
			isa = PBXSourcesBuildPhase;
			buildActionMask = 2147483647;
			files = (
				2C2F887928EC9FF60025DBBC /* Power_Lifting_AppUITestsLaunchTests.swift in Sources */,
				2C2F887728EC9FF60025DBBC /* Power_Lifting_AppUITests.swift in Sources */,
			);
			runOnlyForDeploymentPostprocessing = 0;
		};
/* End PBXSourcesBuildPhase section */

/* Begin PBXTargetDependency section */
		2C2F886A28EC9FF60025DBBC /* PBXTargetDependency */ = {
			isa = PBXTargetDependency;
			target = 2C2F885128EC9FF50025DBBC /* Power Lifting App */;
			targetProxy = 2C2F886928EC9FF60025DBBC /* PBXContainerItemProxy */;
		};
		2C2F887428EC9FF60025DBBC /* PBXTargetDependency */ = {
			isa = PBXTargetDependency;
			target = 2C2F885128EC9FF50025DBBC /* Power Lifting App */;
			targetProxy = 2C2F887328EC9FF60025DBBC /* PBXContainerItemProxy */;
		};
/* End PBXTargetDependency section */

/* Begin PBXVariantGroup section */
		2C2F885B28EC9FF50025DBBC /* Main.storyboard */ = {
			isa = PBXVariantGroup;
			children = (
				2C2F885C28EC9FF50025DBBC /* Base */,
			);
			name = Main.storyboard;
			sourceTree = "<group>";
		};
		2C2F886028EC9FF60025DBBC /* LaunchScreen.storyboard */ = {
			isa = PBXVariantGroup;
			children = (
				2C2F886128EC9FF60025DBBC /* Base */,
			);
			name = LaunchScreen.storyboard;
			sourceTree = "<group>";
		};
/* End PBXVariantGroup section */

/* Begin XCBuildConfiguration section */
		2C2F887A28EC9FF60025DBBC /* Debug */ = {
			isa = XCBuildConfiguration;
			buildSettings = {
				ALWAYS_SEARCH_USER_PATHS = NO;
				CLANG_ANALYZER_NONNULL = YES;
				CLANG_ANALYZER_NUMBER_OBJECT_CONVERSION = YES_AGGRESSIVE;
				CLANG_CXX_LANGUAGE_STANDARD = "gnu++17";
				CLANG_ENABLE_MODULES = YES;
				CLANG_ENABLE_OBJC_ARC = YES;
				CLANG_ENABLE_OBJC_WEAK = YES;
				CLANG_WARN_BLOCK_CAPTURE_AUTORELEASING = YES;
				CLANG_WARN_BOOL_CONVERSION = YES;
				CLANG_WARN_COMMA = YES;
				CLANG_WARN_CONSTANT_CONVERSION = YES;
				CLANG_WARN_DEPRECATED_OBJC_IMPLEMENTATIONS = YES;
				CLANG_WARN_DIRECT_OBJC_ISA_USAGE = YES_ERROR;
				CLANG_WARN_DOCUMENTATION_COMMENTS = YES;
				CLANG_WARN_EMPTY_BODY = YES;
				CLANG_WARN_ENUM_CONVERSION = YES;
				CLANG_WARN_INFINITE_RECURSION = YES;
				CLANG_WARN_INT_CONVERSION = YES;
				CLANG_WARN_NON_LITERAL_NULL_CONVERSION = YES;
				CLANG_WARN_OBJC_IMPLICIT_RETAIN_SELF = YES;
				CLANG_WARN_OBJC_LITERAL_CONVERSION = YES;
				CLANG_WARN_OBJC_ROOT_CLASS = YES_ERROR;
				CLANG_WARN_QUOTED_INCLUDE_IN_FRAMEWORK_HEADER = YES;
				CLANG_WARN_RANGE_LOOP_ANALYSIS = YES;
				CLANG_WARN_STRICT_PROTOTYPES = YES;
				CLANG_WARN_SUSPICIOUS_MOVE = YES;
				CLANG_WARN_UNGUARDED_AVAILABILITY = YES_AGGRESSIVE;
				CLANG_WARN_UNREACHABLE_CODE = YES;
				CLANG_WARN__DUPLICATE_METHOD_MATCH = YES;
				COPY_PHASE_STRIP = NO;
				DEBUG_INFORMATION_FORMAT = dwarf;
				ENABLE_STRICT_OBJC_MSGSEND = YES;
				ENABLE_TESTABILITY = YES;
				GCC_C_LANGUAGE_STANDARD = gnu11;
				GCC_DYNAMIC_NO_PIC = NO;
				GCC_NO_COMMON_BLOCKS = YES;
				GCC_OPTIMIZATION_LEVEL = 0;
				GCC_PREPROCESSOR_DEFINITIONS = (
					"DEBUG=1",
					"$(inherited)",
				);
				GCC_WARN_64_TO_32_BIT_CONVERSION = YES;
				GCC_WARN_ABOUT_RETURN_TYPE = YES_ERROR;
				GCC_WARN_UNDECLARED_SELECTOR = YES;
				GCC_WARN_UNINITIALIZED_AUTOS = YES_AGGRESSIVE;
				GCC_WARN_UNUSED_FUNCTION = YES;
				GCC_WARN_UNUSED_VARIABLE = YES;
				IPHONEOS_DEPLOYMENT_TARGET = 15.5;
				MTL_ENABLE_DEBUG_INFO = INCLUDE_SOURCE;
				MTL_FAST_MATH = YES;
				ONLY_ACTIVE_ARCH = YES;
				SDKROOT = iphoneos;
				SWIFT_ACTIVE_COMPILATION_CONDITIONS = DEBUG;
				SWIFT_OPTIMIZATION_LEVEL = "-Onone";
			};
			name = Debug;
		};
		2C2F887B28EC9FF60025DBBC /* Release */ = {
			isa = XCBuildConfiguration;
			buildSettings = {
				ALWAYS_SEARCH_USER_PATHS = NO;
				CLANG_ANALYZER_NONNULL = YES;
				CLANG_ANALYZER_NUMBER_OBJECT_CONVERSION = YES_AGGRESSIVE;
				CLANG_CXX_LANGUAGE_STANDARD = "gnu++17";
				CLANG_ENABLE_MODULES = YES;
				CLANG_ENABLE_OBJC_ARC = YES;
				CLANG_ENABLE_OBJC_WEAK = YES;
				CLANG_WARN_BLOCK_CAPTURE_AUTORELEASING = YES;
				CLANG_WARN_BOOL_CONVERSION = YES;
				CLANG_WARN_COMMA = YES;
				CLANG_WARN_CONSTANT_CONVERSION = YES;
				CLANG_WARN_DEPRECATED_OBJC_IMPLEMENTATIONS = YES;
				CLANG_WARN_DIRECT_OBJC_ISA_USAGE = YES_ERROR;
				CLANG_WARN_DOCUMENTATION_COMMENTS = YES;
				CLANG_WARN_EMPTY_BODY = YES;
				CLANG_WARN_ENUM_CONVERSION = YES;
				CLANG_WARN_INFINITE_RECURSION = YES;
				CLANG_WARN_INT_CONVERSION = YES;
				CLANG_WARN_NON_LITERAL_NULL_CONVERSION = YES;
				CLANG_WARN_OBJC_IMPLICIT_RETAIN_SELF = YES;
				CLANG_WARN_OBJC_LITERAL_CONVERSION = YES;
				CLANG_WARN_OBJC_ROOT_CLASS = YES_ERROR;
				CLANG_WARN_QUOTED_INCLUDE_IN_FRAMEWORK_HEADER = YES;
				CLANG_WARN_RANGE_LOOP_ANALYSIS = YES;
				CLANG_WARN_STRICT_PROTOTYPES = YES;
				CLANG_WARN_SUSPICIOUS_MOVE = YES;
				CLANG_WARN_UNGUARDED_AVAILABILITY = YES_AGGRESSIVE;
				CLANG_WARN_UNREACHABLE_CODE = YES;
				CLANG_WARN__DUPLICATE_METHOD_MATCH = YES;
				COPY_PHASE_STRIP = NO;
				DEBUG_INFORMATION_FORMAT = "dwarf-with-dsym";
				ENABLE_NS_ASSERTIONS = NO;
				ENABLE_STRICT_OBJC_MSGSEND = YES;
				GCC_C_LANGUAGE_STANDARD = gnu11;
				GCC_NO_COMMON_BLOCKS = YES;
				GCC_WARN_64_TO_32_BIT_CONVERSION = YES;
				GCC_WARN_ABOUT_RETURN_TYPE = YES_ERROR;
				GCC_WARN_UNDECLARED_SELECTOR = YES;
				GCC_WARN_UNINITIALIZED_AUTOS = YES_AGGRESSIVE;
				GCC_WARN_UNUSED_FUNCTION = YES;
				GCC_WARN_UNUSED_VARIABLE = YES;
				IPHONEOS_DEPLOYMENT_TARGET = 15.5;
				MTL_ENABLE_DEBUG_INFO = NO;
				MTL_FAST_MATH = YES;
				SDKROOT = iphoneos;
				SWIFT_COMPILATION_MODE = wholemodule;
				SWIFT_OPTIMIZATION_LEVEL = "-O";
				VALIDATE_PRODUCT = YES;
			};
			name = Release;
		};
		2C2F887D28EC9FF60025DBBC /* Debug */ = {
			isa = XCBuildConfiguration;
			buildSettings = {
				ASSETCATALOG_COMPILER_APPICON_NAME = AppIcon;
				ASSETCATALOG_COMPILER_GLOBAL_ACCENT_COLOR_NAME = AccentColor;
				CODE_SIGN_STYLE = Automatic;
				CURRENT_PROJECT_VERSION = 1;
				DEVELOPMENT_TEAM = 2U4Y74DMPY;
				GENERATE_INFOPLIST_FILE = YES;
				INFOPLIST_FILE = "Power Lifting App/Info.plist";
				INFOPLIST_KEY_UIApplicationSupportsIndirectInputEvents = YES;
				INFOPLIST_KEY_UILaunchStoryboardName = LaunchScreen;
				INFOPLIST_KEY_UIMainStoryboardFile = Main;
				INFOPLIST_KEY_UISupportedInterfaceOrientations_iPad = "UIInterfaceOrientationPortrait UIInterfaceOrientationPortraitUpsideDown UIInterfaceOrientationLandscapeLeft UIInterfaceOrientationLandscapeRight";
				INFOPLIST_KEY_UISupportedInterfaceOrientations_iPhone = "UIInterfaceOrientationPortrait UIInterfaceOrientationLandscapeLeft UIInterfaceOrientationLandscapeRight";
				LD_RUNPATH_SEARCH_PATHS = (
					"$(inherited)",
					"@executable_path/Frameworks",
				);
				MARKETING_VERSION = 1.0;
				PRODUCT_BUNDLE_IDENTIFIER = "com.vasantsaladiapple.Power-Lifting-App";
				PRODUCT_NAME = "$(TARGET_NAME)";
				SWIFT_EMIT_LOC_STRINGS = YES;
				SWIFT_VERSION = 5.0;
				TARGETED_DEVICE_FAMILY = "1,2";
			};
			name = Debug;
		};
		2C2F887E28EC9FF60025DBBC /* Release */ = {
			isa = XCBuildConfiguration;
			buildSettings = {
				ASSETCATALOG_COMPILER_APPICON_NAME = AppIcon;
				ASSETCATALOG_COMPILER_GLOBAL_ACCENT_COLOR_NAME = AccentColor;
				CODE_SIGN_STYLE = Automatic;
				CURRENT_PROJECT_VERSION = 1;
				DEVELOPMENT_TEAM = 2U4Y74DMPY;
				GENERATE_INFOPLIST_FILE = YES;
				INFOPLIST_FILE = "Power Lifting App/Info.plist";
				INFOPLIST_KEY_UIApplicationSupportsIndirectInputEvents = YES;
				INFOPLIST_KEY_UILaunchStoryboardName = LaunchScreen;
				INFOPLIST_KEY_UIMainStoryboardFile = Main;
				INFOPLIST_KEY_UISupportedInterfaceOrientations_iPad = "UIInterfaceOrientationPortrait UIInterfaceOrientationPortraitUpsideDown UIInterfaceOrientationLandscapeLeft UIInterfaceOrientationLandscapeRight";
				INFOPLIST_KEY_UISupportedInterfaceOrientations_iPhone = "UIInterfaceOrientationPortrait UIInterfaceOrientationLandscapeLeft UIInterfaceOrientationLandscapeRight";
				LD_RUNPATH_SEARCH_PATHS = (
					"$(inherited)",
					"@executable_path/Frameworks",
				);
				MARKETING_VERSION = 1.0;
				PRODUCT_BUNDLE_IDENTIFIER = "com.vasantsaladiapple.Power-Lifting-App";
				PRODUCT_NAME = "$(TARGET_NAME)";
				SWIFT_EMIT_LOC_STRINGS = YES;
				SWIFT_VERSION = 5.0;
				TARGETED_DEVICE_FAMILY = "1,2";
			};
			name = Release;
		};
		2C2F888028EC9FF60025DBBC /* Debug */ = {
			isa = XCBuildConfiguration;
			buildSettings = {
				ALWAYS_EMBED_SWIFT_STANDARD_LIBRARIES = YES;
				BUNDLE_LOADER = "$(TEST_HOST)";
				CODE_SIGN_STYLE = Automatic;
				CURRENT_PROJECT_VERSION = 1;
				DEVELOPMENT_TEAM = 2U4Y74DMPY;
				GENERATE_INFOPLIST_FILE = YES;
				IPHONEOS_DEPLOYMENT_TARGET = 15.5;
				MARKETING_VERSION = 1.0;
				PRODUCT_BUNDLE_IDENTIFIER = "com.vasantsaladiapple.Power-Lifting-AppTests";
				PRODUCT_NAME = "$(TARGET_NAME)";
				SWIFT_EMIT_LOC_STRINGS = NO;
				SWIFT_VERSION = 5.0;
				TARGETED_DEVICE_FAMILY = "1,2";
				TEST_HOST = "$(BUILT_PRODUCTS_DIR)/Power Lifting App.app/Power Lifting App";
			};
			name = Debug;
		};
		2C2F888128EC9FF60025DBBC /* Release */ = {
			isa = XCBuildConfiguration;
			buildSettings = {
				ALWAYS_EMBED_SWIFT_STANDARD_LIBRARIES = YES;
				BUNDLE_LOADER = "$(TEST_HOST)";
				CODE_SIGN_STYLE = Automatic;
				CURRENT_PROJECT_VERSION = 1;
				DEVELOPMENT_TEAM = 2U4Y74DMPY;
				GENERATE_INFOPLIST_FILE = YES;
				IPHONEOS_DEPLOYMENT_TARGET = 15.5;
				MARKETING_VERSION = 1.0;
				PRODUCT_BUNDLE_IDENTIFIER = "com.vasantsaladiapple.Power-Lifting-AppTests";
				PRODUCT_NAME = "$(TARGET_NAME)";
				SWIFT_EMIT_LOC_STRINGS = NO;
				SWIFT_VERSION = 5.0;
				TARGETED_DEVICE_FAMILY = "1,2";
				TEST_HOST = "$(BUILT_PRODUCTS_DIR)/Power Lifting App.app/Power Lifting App";
			};
			name = Release;
		};
		2C2F888328EC9FF60025DBBC /* Debug */ = {
			isa = XCBuildConfiguration;
			buildSettings = {
				ALWAYS_EMBED_SWIFT_STANDARD_LIBRARIES = YES;
				CODE_SIGN_STYLE = Automatic;
				CURRENT_PROJECT_VERSION = 1;
				DEVELOPMENT_TEAM = 2U4Y74DMPY;
				GENERATE_INFOPLIST_FILE = YES;
				MARKETING_VERSION = 1.0;
				PRODUCT_BUNDLE_IDENTIFIER = "com.vasantsaladiapple.Power-Lifting-AppUITests";
				PRODUCT_NAME = "$(TARGET_NAME)";
				SWIFT_EMIT_LOC_STRINGS = NO;
				SWIFT_VERSION = 5.0;
				TARGETED_DEVICE_FAMILY = "1,2";
				TEST_TARGET_NAME = "Power Lifting App";
			};
			name = Debug;
		};
		2C2F888428EC9FF60025DBBC /* Release */ = {
			isa = XCBuildConfiguration;
			buildSettings = {
				ALWAYS_EMBED_SWIFT_STANDARD_LIBRARIES = YES;
				CODE_SIGN_STYLE = Automatic;
				CURRENT_PROJECT_VERSION = 1;
				DEVELOPMENT_TEAM = 2U4Y74DMPY;
				GENERATE_INFOPLIST_FILE = YES;
				MARKETING_VERSION = 1.0;
				PRODUCT_BUNDLE_IDENTIFIER = "com.vasantsaladiapple.Power-Lifting-AppUITests";
				PRODUCT_NAME = "$(TARGET_NAME)";
				SWIFT_EMIT_LOC_STRINGS = NO;
				SWIFT_VERSION = 5.0;
				TARGETED_DEVICE_FAMILY = "1,2";
				TEST_TARGET_NAME = "Power Lifting App";
			};
			name = Release;
		};
/* End XCBuildConfiguration section */

/* Begin XCConfigurationList section */
		2C2F884D28EC9FF50025DBBC /* Build configuration list for PBXProject "Power Lifting App" */ = {
			isa = XCConfigurationList;
			buildConfigurations = (
				2C2F887A28EC9FF60025DBBC /* Debug */,
				2C2F887B28EC9FF60025DBBC /* Release */,
			);
			defaultConfigurationIsVisible = 0;
			defaultConfigurationName = Release;
		};
		2C2F887C28EC9FF60025DBBC /* Build configuration list for PBXNativeTarget "Power Lifting App" */ = {
			isa = XCConfigurationList;
			buildConfigurations = (
				2C2F887D28EC9FF60025DBBC /* Debug */,
				2C2F887E28EC9FF60025DBBC /* Release */,
			);
			defaultConfigurationIsVisible = 0;
			defaultConfigurationName = Release;
		};
		2C2F887F28EC9FF60025DBBC /* Build configuration list for PBXNativeTarget "Power Lifting AppTests" */ = {
			isa = XCConfigurationList;
			buildConfigurations = (
				2C2F888028EC9FF60025DBBC /* Debug */,
				2C2F888128EC9FF60025DBBC /* Release */,
			);
			defaultConfigurationIsVisible = 0;
			defaultConfigurationName = Release;
		};
		2C2F888228EC9FF60025DBBC /* Build configuration list for PBXNativeTarget "Power Lifting AppUITests" */ = {
			isa = XCConfigurationList;
			buildConfigurations = (
				2C2F888328EC9FF60025DBBC /* Debug */,
				2C2F888428EC9FF60025DBBC /* Release */,
			);
			defaultConfigurationIsVisible = 0;
			defaultConfigurationName = Release;
		};
/* End XCConfigurationList section */
	};
	rootObject = 2C2F884A28EC9FF50025DBBC /* Project object */;
}
